
Microsoft Visual Studio Solution File, Format Version 12.00
# Visual Studio 15
Project("{FAE04EC0-301F-11D3-BF4B-00C04F79EFBC}") = "Assembly-CSharp", "Assembly-CSharp.csproj", "{74809F13-53C1-570C-A48E-C46E5045E7E9}"
EndProject
Project("{FAE04EC0-301F-11D3-BF4B-00C04F79EFBC}") = "Assembly-CSharp-Editor-firstpass", "Assembly-CSharp-Editor-firstpass.csproj", "{02471281-C742-8977-AD5C-0CAA18429D52}"
EndProject
Global
	GlobalSection(SolutionConfigurationPlatforms) = preSolution
		Debug|Any CPU = Debug|Any CPU
		Release|Any CPU = Release|Any CPU
	EndGlobalSection
	GlobalSection(ProjectConfigurationPlatforms) = postSolution
		{74809F13-53C1-570C-A48E-C46E5045E7E9}.Debug|Any CPU.ActiveCfg = Debug|Any CPU
		{74809F13-53C1-570C-A48E-C46E5045E7E9}.Debug|Any CPU.Build.0 = Debug|Any CPU
		{74809F13-53C1-570C-A48E-C46E5045E7E9}.Release|Any CPU.ActiveCfg = Release|Any CPU
		{74809F13-53C1-570C-A48E-C46E5045E7E9}.Release|Any CPU.Build.0 = Release|Any CPU
		{02471281-C742-8977-AD5C-0CAA18429D52}.Debug|Any CPU.ActiveCfg = Debug|Any CPU
		{02471281-C742-8977-AD5C-0CAA18429D52}.Debug|Any CPU.Build.0 = Debug|Any CPU
		{02471281-C742-8977-AD5C-0CAA18429D52}.Release|Any CPU.ActiveCfg = Release|Any CPU
		{02471281-C742-8977-AD5C-0CAA18429D52}.Release|Any CPU.Build.0 = Release|Any CPU
	EndGlobalSection
	GlobalSection(SolutionProperties) = preSolution
		HideSolutionNode = FALSE
	EndGlobalSection
EndGlobal
